
Microsoft Visual Studio Solution File, Format Version 12.00
# Visual Studio Version 17
VisualStudioVersion = 17.4.33103.184
MinimumVisualStudioVersion = 10.0.40219.1
Project("{FAE04EC0-301F-11D3-BF4B-00C04F79EFBC}") = "webapi.eventplus", "webapi.eventplus.csproj", "{B5C66136-A4E1-48DB-8282-AD3F8544E2E7}"
EndProject
Global
	GlobalSection(SolutionConfigurationPlatforms) = preSolution
		Debug|Any CPU = Debug|Any CPU
		Release|Any CPU = Release|Any CPU
	EndGlobalSection
	GlobalSection(ProjectConfigurationPlatforms) = postSolution
		{B5C66136-A4E1-48DB-8282-AD3F8544E2E7}.Debug|Any CPU.ActiveCfg = Debug|Any CPU
		{B5C66136-A4E1-48DB-8282-AD3F8544E2E7}.Debug|Any CPU.Build.0 = Debug|Any CPU
		{B5C66136-A4E1-48DB-8282-AD3F8544E2E7}.Release|Any CPU.ActiveCfg = Release|Any CPU
		{B5C66136-A4E1-48DB-8282-AD3F8544E2E7}.Release|Any CPU.Build.0 = Release|Any CPU
	EndGlobalSection
	GlobalSection(SolutionProperties) = preSolution
		HideSolutionNode = FALSE
	EndGlobalSection
	GlobalSection(ExtensibilityGlobals) = postSolution
		SolutionGuid = {40EBE91A-771A-45E6-B149-003D4E2E8C70}
	EndGlobalSection
EndGlobal
